
Microsoft Visual Studio Solution File, Format Version 12.00
# Visual Studio 14
VisualStudioVersion = 14.0.24720.0
MinimumVisualStudioVersion = 10.0.40219.1
Project("{FAE04EC0-301F-11D3-BF4B-00C04F79EFBC}") = "forloop", "forloop\forloop.csproj", "{EF6F7A3C-10B4-4099-A686-3BB1EDDB9855}"
EndProject
Global
	GlobalSection(SolutionConfigurationPlatforms) = preSolution
		Debug|Any CPU = Debug|Any CPU
		Release|Any CPU = Release|Any CPU
	EndGlobalSection
	GlobalSection(ProjectConfigurationPlatforms) = postSolution
		{EF6F7A3C-10B4-4099-A686-3BB1EDDB9855}.Debug|Any CPU.ActiveCfg = Debug|Any CPU
		{EF6F7A3C-10B4-4099-A686-3BB1EDDB9855}.Debug|Any CPU.Build.0 = Debug|Any CPU
		{EF6F7A3C-10B4-4099-A686-3BB1EDDB9855}.Release|Any CPU.ActiveCfg = Release|Any CPU
		{EF6F7A3C-10B4-4099-A686-3BB1EDDB9855}.Release|Any CPU.Build.0 = Release|Any CPU
	EndGlobalSection
	GlobalSection(SolutionProperties) = preSolution
		HideSolutionNode = FALSE
	EndGlobalSection
EndGlobal
